
Microsoft Visual Studio Solution File, Format Version 12.00
# Visual Studio 15
VisualStudioVersion = 15.0.26124.0
MinimumVisualStudioVersion = 15.0.26124.0
Project("{FAE04EC0-301F-11D3-BF4B-00C04F79EFBC}") = "TestCommon", "..\TestCommon\TestCommon.csproj", "{7140C0F3-F1CD-4ED4-994E-19D233AC1078}"
EndProject
Project("{FAE04EC0-301F-11D3-BF4B-00C04F79EFBC}") = "A5", "A5\A5.csproj", "{CDBBCDD5-BE3E-4F84-BD0C-37CEED4BADD7}"
EndProject
Project("{FAE04EC0-301F-11D3-BF4B-00C04F79EFBC}") = "A5.Tests", "A5.Tests\A5.Tests.csproj", "{434CAA13-EFD2-456B-A46F-5DB1654B2D50}"
EndProject
Global
	GlobalSection(SolutionConfigurationPlatforms) = preSolution
		Debug|Any CPU = Debug|Any CPU
		Debug|x64 = Debug|x64
		Debug|x86 = Debug|x86
		Release|Any CPU = Release|Any CPU
		Release|x64 = Release|x64
		Release|x86 = Release|x86
	EndGlobalSection
	GlobalSection(SolutionProperties) = preSolution
		HideSolutionNode = FALSE
	EndGlobalSection
	GlobalSection(ProjectConfigurationPlatforms) = postSolution
		{7140C0F3-F1CD-4ED4-994E-19D233AC1078}.Debug|Any CPU.ActiveCfg = Debug|Any CPU
		{7140C0F3-F1CD-4ED4-994E-19D233AC1078}.Debug|Any CPU.Build.0 = Debug|Any CPU
		{7140C0F3-F1CD-4ED4-994E-19D233AC1078}.Debug|x64.ActiveCfg = Debug|Any CPU
		{7140C0F3-F1CD-4ED4-994E-19D233AC1078}.Debug|x64.Build.0 = Debug|Any CPU
		{7140C0F3-F1CD-4ED4-994E-19D233AC1078}.Debug|x86.ActiveCfg = Debug|Any CPU
		{7140C0F3-F1CD-4ED4-994E-19D233AC1078}.Debug|x86.Build.0 = Debug|Any CPU
		{7140C0F3-F1CD-4ED4-994E-19D233AC1078}.Release|Any CPU.ActiveCfg = Release|Any CPU
		{7140C0F3-F1CD-4ED4-994E-19D233AC1078}.Release|Any CPU.Build.0 = Release|Any CPU
		{7140C0F3-F1CD-4ED4-994E-19D233AC1078}.Release|x64.ActiveCfg = Release|Any CPU
		{7140C0F3-F1CD-4ED4-994E-19D233AC1078}.Release|x64.Build.0 = Release|Any CPU
		{7140C0F3-F1CD-4ED4-994E-19D233AC1078}.Release|x86.ActiveCfg = Release|Any CPU
		{7140C0F3-F1CD-4ED4-994E-19D233AC1078}.Release|x86.Build.0 = Release|Any CPU
		{CDBBCDD5-BE3E-4F84-BD0C-37CEED4BADD7}.Debug|Any CPU.ActiveCfg = Debug|Any CPU
		{CDBBCDD5-BE3E-4F84-BD0C-37CEED4BADD7}.Debug|Any CPU.Build.0 = Debug|Any CPU
		{CDBBCDD5-BE3E-4F84-BD0C-37CEED4BADD7}.Debug|x64.ActiveCfg = Debug|Any CPU
		{CDBBCDD5-BE3E-4F84-BD0C-37CEED4BADD7}.Debug|x64.Build.0 = Debug|Any CPU
		{CDBBCDD5-BE3E-4F84-BD0C-37CEED4BADD7}.Debug|x86.ActiveCfg = Debug|Any CPU
		{CDBBCDD5-BE3E-4F84-BD0C-37CEED4BADD7}.Debug|x86.Build.0 = Debug|Any CPU
		{CDBBCDD5-BE3E-4F84-BD0C-37CEED4BADD7}.Release|Any CPU.ActiveCfg = Release|Any CPU
		{CDBBCDD5-BE3E-4F84-BD0C-37CEED4BADD7}.Release|Any CPU.Build.0 = Release|Any CPU
		{CDBBCDD5-BE3E-4F84-BD0C-37CEED4BADD7}.Release|x64.ActiveCfg = Release|Any CPU
		{CDBBCDD5-BE3E-4F84-BD0C-37CEED4BADD7}.Release|x64.Build.0 = Release|Any CPU
		{CDBBCDD5-BE3E-4F84-BD0C-37CEED4BADD7}.Release|x86.ActiveCfg = Release|Any CPU
		{CDBBCDD5-BE3E-4F84-BD0C-37CEED4BADD7}.Release|x86.Build.0 = Release|Any CPU
		{434CAA13-EFD2-456B-A46F-5DB1654B2D50}.Debug|Any CPU.ActiveCfg = Debug|Any CPU
		{434CAA13-EFD2-456B-A46F-5DB1654B2D50}.Debug|Any CPU.Build.0 = Debug|Any CPU
		{434CAA13-EFD2-456B-A46F-5DB1654B2D50}.Debug|x64.ActiveCfg = Debug|Any CPU
		{434CAA13-EFD2-456B-A46F-5DB1654B2D50}.Debug|x64.Build.0 = Debug|Any CPU
		{434CAA13-EFD2-456B-A46F-5DB1654B2D50}.Debug|x86.ActiveCfg = Debug|Any CPU
		{434CAA13-EFD2-456B-A46F-5DB1654B2D50}.Debug|x86.Build.0 = Debug|Any CPU
		{434CAA13-EFD2-456B-A46F-5DB1654B2D50}.Release|Any CPU.ActiveCfg = Release|Any CPU
		{434CAA13-EFD2-456B-A46F-5DB1654B2D50}.Release|Any CPU.Build.0 = Release|Any CPU
		{434CAA13-EFD2-456B-A46F-5DB1654B2D50}.Release|x64.ActiveCfg = Release|Any CPU
		{434CAA13-EFD2-456B-A46F-5DB1654B2D50}.Release|x64.Build.0 = Release|Any CPU
		{434CAA13-EFD2-456B-A46F-5DB1654B2D50}.Release|x86.ActiveCfg = Release|Any CPU
		{434CAA13-EFD2-456B-A46F-5DB1654B2D50}.Release|x86.Build.0 = Release|Any CPU
	EndGlobalSection
EndGlobal
