
Microsoft Visual Studio Solution File, Format Version 12.00
# Visual Studio 15
VisualStudioVersion = 15.0.26124.0
MinimumVisualStudioVersion = 15.0.26124.0
Project("{FAE04EC0-301F-11D3-BF4B-00C04F79EFBC}") = "TestCommon", "..\TestCommon\TestCommon.csproj", "{D90641F3-070B-4A02-87A2-849467D4F44C}"
EndProject
Project("{FAE04EC0-301F-11D3-BF4B-00C04F79EFBC}") = "C7", "C7\C7.csproj", "{73796704-BCDF-4174-86EE-67E06702B17B}"
EndProject
Project("{FAE04EC0-301F-11D3-BF4B-00C04F79EFBC}") = "C7.Tests", "C7.Tests\C7.Tests.csproj", "{487C9A64-0499-434B-83BB-D1B356C1558E}"
EndProject
Global
	GlobalSection(SolutionConfigurationPlatforms) = preSolution
		Debug|Any CPU = Debug|Any CPU
		Debug|x64 = Debug|x64
		Debug|x86 = Debug|x86
		Release|Any CPU = Release|Any CPU
		Release|x64 = Release|x64
		Release|x86 = Release|x86
	EndGlobalSection
	GlobalSection(SolutionProperties) = preSolution
		HideSolutionNode = FALSE
	EndGlobalSection
	GlobalSection(ProjectConfigurationPlatforms) = postSolution
		{D90641F3-070B-4A02-87A2-849467D4F44C}.Debug|Any CPU.ActiveCfg = Debug|Any CPU
		{D90641F3-070B-4A02-87A2-849467D4F44C}.Debug|Any CPU.Build.0 = Debug|Any CPU
		{D90641F3-070B-4A02-87A2-849467D4F44C}.Debug|x64.ActiveCfg = Debug|Any CPU
		{D90641F3-070B-4A02-87A2-849467D4F44C}.Debug|x64.Build.0 = Debug|Any CPU
		{D90641F3-070B-4A02-87A2-849467D4F44C}.Debug|x86.ActiveCfg = Debug|Any CPU
		{D90641F3-070B-4A02-87A2-849467D4F44C}.Debug|x86.Build.0 = Debug|Any CPU
		{D90641F3-070B-4A02-87A2-849467D4F44C}.Release|Any CPU.ActiveCfg = Release|Any CPU
		{D90641F3-070B-4A02-87A2-849467D4F44C}.Release|Any CPU.Build.0 = Release|Any CPU
		{D90641F3-070B-4A02-87A2-849467D4F44C}.Release|x64.ActiveCfg = Release|Any CPU
		{D90641F3-070B-4A02-87A2-849467D4F44C}.Release|x64.Build.0 = Release|Any CPU
		{D90641F3-070B-4A02-87A2-849467D4F44C}.Release|x86.ActiveCfg = Release|Any CPU
		{D90641F3-070B-4A02-87A2-849467D4F44C}.Release|x86.Build.0 = Release|Any CPU
		{73796704-BCDF-4174-86EE-67E06702B17B}.Debug|Any CPU.ActiveCfg = Debug|Any CPU
		{73796704-BCDF-4174-86EE-67E06702B17B}.Debug|Any CPU.Build.0 = Debug|Any CPU
		{73796704-BCDF-4174-86EE-67E06702B17B}.Debug|x64.ActiveCfg = Debug|Any CPU
		{73796704-BCDF-4174-86EE-67E06702B17B}.Debug|x64.Build.0 = Debug|Any CPU
		{73796704-BCDF-4174-86EE-67E06702B17B}.Debug|x86.ActiveCfg = Debug|Any CPU
		{73796704-BCDF-4174-86EE-67E06702B17B}.Debug|x86.Build.0 = Debug|Any CPU
		{73796704-BCDF-4174-86EE-67E06702B17B}.Release|Any CPU.ActiveCfg = Release|Any CPU
		{73796704-BCDF-4174-86EE-67E06702B17B}.Release|Any CPU.Build.0 = Release|Any CPU
		{73796704-BCDF-4174-86EE-67E06702B17B}.Release|x64.ActiveCfg = Release|Any CPU
		{73796704-BCDF-4174-86EE-67E06702B17B}.Release|x64.Build.0 = Release|Any CPU
		{73796704-BCDF-4174-86EE-67E06702B17B}.Release|x86.ActiveCfg = Release|Any CPU
		{73796704-BCDF-4174-86EE-67E06702B17B}.Release|x86.Build.0 = Release|Any CPU
		{487C9A64-0499-434B-83BB-D1B356C1558E}.Debug|Any CPU.ActiveCfg = Debug|Any CPU
		{487C9A64-0499-434B-83BB-D1B356C1558E}.Debug|Any CPU.Build.0 = Debug|Any CPU
		{487C9A64-0499-434B-83BB-D1B356C1558E}.Debug|x64.ActiveCfg = Debug|Any CPU
		{487C9A64-0499-434B-83BB-D1B356C1558E}.Debug|x64.Build.0 = Debug|Any CPU
		{487C9A64-0499-434B-83BB-D1B356C1558E}.Debug|x86.ActiveCfg = Debug|Any CPU
		{487C9A64-0499-434B-83BB-D1B356C1558E}.Debug|x86.Build.0 = Debug|Any CPU
		{487C9A64-0499-434B-83BB-D1B356C1558E}.Release|Any CPU.ActiveCfg = Release|Any CPU
		{487C9A64-0499-434B-83BB-D1B356C1558E}.Release|Any CPU.Build.0 = Release|Any CPU
		{487C9A64-0499-434B-83BB-D1B356C1558E}.Release|x64.ActiveCfg = Release|Any CPU
		{487C9A64-0499-434B-83BB-D1B356C1558E}.Release|x64.Build.0 = Release|Any CPU
		{487C9A64-0499-434B-83BB-D1B356C1558E}.Release|x86.ActiveCfg = Release|Any CPU
		{487C9A64-0499-434B-83BB-D1B356C1558E}.Release|x86.Build.0 = Release|Any CPU
	EndGlobalSection
EndGlobal
